
Microsoft Visual Studio Solution File, Format Version 12.00
# Visual Studio Version 17
VisualStudioVersion = 17.5.33530.505
MinimumVisualStudioVersion = 10.0.40219.1
Project("{9A19103F-16F7-4668-BE54-9A1E7A4F7556}") = "GCScriptTools.Web.Server", "GCScriptTools.Web\Server\GCScriptTools.Web.Server.csproj", "{A321C3F9-AA04-41EA-BA57-998FE3D2C911}"
EndProject
Project("{9A19103F-16F7-4668-BE54-9A1E7A4F7556}") = "GCScriptTools.Web.Client", "GCScriptTools.Web\Client\GCScriptTools.Web.Client.csproj", "{9A7218CE-DB43-4A45-901E-D31D042CA155}"
EndProject
Project("{9A19103F-16F7-4668-BE54-9A1E7A4F7556}") = "GCScriptTools.Web.Shared", "GCScriptTools.Web\Shared\GCScriptTools.Web.Shared.csproj", "{277BC5AD-8C1E-4F6D-AF8F-65DF4F2BE3E2}"
EndProject
Project("{FAE04EC0-301F-11D3-BF4B-00C04F79EFBC}") = "GCScriptTools.Web.Tests", "GCScriptTools.Web\Test\GCScriptTools.Web.Tests.csproj", "{C91AC80C-9438-48DC-9225-8B5549D68029}"
EndProject
Global
	GlobalSection(SolutionConfigurationPlatforms) = preSolution
		Debug|Any CPU = Debug|Any CPU
		Release|Any CPU = Release|Any CPU
	EndGlobalSection
	GlobalSection(ProjectConfigurationPlatforms) = postSolution
		{A321C3F9-AA04-41EA-BA57-998FE3D2C911}.Debug|Any CPU.ActiveCfg = Debug|Any CPU
		{A321C3F9-AA04-41EA-BA57-998FE3D2C911}.Debug|Any CPU.Build.0 = Debug|Any CPU
		{A321C3F9-AA04-41EA-BA57-998FE3D2C911}.Release|Any CPU.ActiveCfg = Release|Any CPU
		{A321C3F9-AA04-41EA-BA57-998FE3D2C911}.Release|Any CPU.Build.0 = Release|Any CPU
		{9A7218CE-DB43-4A45-901E-D31D042CA155}.Debug|Any CPU.ActiveCfg = Debug|Any CPU
		{9A7218CE-DB43-4A45-901E-D31D042CA155}.Debug|Any CPU.Build.0 = Debug|Any CPU
		{9A7218CE-DB43-4A45-901E-D31D042CA155}.Release|Any CPU.ActiveCfg = Release|Any CPU
		{9A7218CE-DB43-4A45-901E-D31D042CA155}.Release|Any CPU.Build.0 = Release|Any CPU
		{277BC5AD-8C1E-4F6D-AF8F-65DF4F2BE3E2}.Debug|Any CPU.ActiveCfg = Debug|Any CPU
		{277BC5AD-8C1E-4F6D-AF8F-65DF4F2BE3E2}.Debug|Any CPU.Build.0 = Debug|Any CPU
		{277BC5AD-8C1E-4F6D-AF8F-65DF4F2BE3E2}.Release|Any CPU.ActiveCfg = Release|Any CPU
		{277BC5AD-8C1E-4F6D-AF8F-65DF4F2BE3E2}.Release|Any CPU.Build.0 = Release|Any CPU
		{C91AC80C-9438-48DC-9225-8B5549D68029}.Debug|Any CPU.ActiveCfg = Debug|Any CPU
		{C91AC80C-9438-48DC-9225-8B5549D68029}.Debug|Any CPU.Build.0 = Debug|Any CPU
		{C91AC80C-9438-48DC-9225-8B5549D68029}.Release|Any CPU.ActiveCfg = Release|Any CPU
		{C91AC80C-9438-48DC-9225-8B5549D68029}.Release|Any CPU.Build.0 = Release|Any CPU
	EndGlobalSection
	GlobalSection(SolutionProperties) = preSolution
		HideSolutionNode = FALSE
	EndGlobalSection
	GlobalSection(ExtensibilityGlobals) = postSolution
		SolutionGuid = {67690B21-248C-440A-BF03-7CA1C7D67CAA}
	EndGlobalSection
EndGlobal
